// !$*UTF8*$!
{
	archiveVersion = 1;
	classes = {
	};
	objectVersion = 46;
	objects = {

/* Begin PBXBuildFile section */
		1F17FB501D0C6213006C9ED0 /* CustomMapAnnotation.swift in Sources */ = {isa = PBXBuildFile; fileRef = 1F17FB4F1D0C6213006C9ED0 /* CustomMapAnnotation.swift */; };
		1F17FB521D0C7DBD006C9ED0 /* ProfileVC.swift in Sources */ = {isa = PBXBuildFile; fileRef = 1F17FB511D0C7DBD006C9ED0 /* ProfileVC.swift */; };
		1F17FB541D0C8000006C9ED0 /* LoginVC.swift in Sources */ = {isa = PBXBuildFile; fileRef = 1F17FB531D0C8000006C9ED0 /* LoginVC.swift */; };
		1F17FB561D0C8529006C9ED0 /* ProfileHeaderVC.swift in Sources */ = {isa = PBXBuildFile; fileRef = 1F17FB551D0C8529006C9ED0 /* ProfileHeaderVC.swift */; };
		1F17FB581D0C8B94006C9ED0 /* ProfileFavCell.swift in Sources */ = {isa = PBXBuildFile; fileRef = 1F17FB571D0C8B94006C9ED0 /* ProfileFavCell.swift */; };
		1F17FB5A1D0C8C16006C9ED0 /* ProfileRatingCell.swift in Sources */ = {isa = PBXBuildFile; fileRef = 1F17FB591D0C8C16006C9ED0 /* ProfileRatingCell.swift */; };
		1F17FB5C1D0CA4E1006C9ED0 /* RealmModels.swift in Sources */ = {isa = PBXBuildFile; fileRef = 1F17FB5B1D0CA4E1006C9ED0 /* RealmModels.swift */; };
		1F17FB5F1D0CA6DB006C9ED0 /* Realm.framework in Frameworks */ = {isa = PBXBuildFile; fileRef = 1F17FB5D1D0CA6DB006C9ED0 /* Realm.framework */; };
		1F17FB601D0CA6DB006C9ED0 /* RealmSwift.framework in Frameworks */ = {isa = PBXBuildFile; fileRef = 1F17FB5E1D0CA6DB006C9ED0 /* RealmSwift.framework */; };
		1F26540B1D0BA063002A7052 /* AppDelegate.swift in Sources */ = {isa = PBXBuildFile; fileRef = 1F26540A1D0BA063002A7052 /* AppDelegate.swift */; };
		1F26540D1D0BA063002A7052 /* ViewController.swift in Sources */ = {isa = PBXBuildFile; fileRef = 1F26540C1D0BA063002A7052 /* ViewController.swift */; };
		1F2654101D0BA063002A7052 /* Main.storyboard in Resources */ = {isa = PBXBuildFile; fileRef = 1F26540E1D0BA063002A7052 /* Main.storyboard */; };
		1F2654131D0BA063002A7052 /* IPA.xcdatamodeld in Sources */ = {isa = PBXBuildFile; fileRef = 1F2654111D0BA063002A7052 /* IPA.xcdatamodeld */; };
		1F2654151D0BA063002A7052 /* Assets.xcassets in Resources */ = {isa = PBXBuildFile; fileRef = 1F2654141D0BA063002A7052 /* Assets.xcassets */; };
		1F2654181D0BA063002A7052 /* LaunchScreen.storyboard in Resources */ = {isa = PBXBuildFile; fileRef = 1F2654161D0BA063002A7052 /* LaunchScreen.storyboard */; };
		1F2654231D0BA063002A7052 /* IPATests.swift in Sources */ = {isa = PBXBuildFile; fileRef = 1F2654221D0BA063002A7052 /* IPATests.swift */; };
		1F26542E1D0BA063002A7052 /* IPAUITests.swift in Sources */ = {isa = PBXBuildFile; fileRef = 1F26542D1D0BA063002A7052 /* IPAUITests.swift */; };
		1F26543C1D0BADE9002A7052 /* Beer.swift in Sources */ = {isa = PBXBuildFile; fileRef = 1F26543B1D0BADE9002A7052 /* Beer.swift */; };
		1F26543E1D0BAF2E002A7052 /* BeerDetail.swift in Sources */ = {isa = PBXBuildFile; fileRef = 1F26543D1D0BAF2E002A7052 /* BeerDetail.swift */; };
		1F2654401D0BB0BE002A7052 /* Dish.swift in Sources */ = {isa = PBXBuildFile; fileRef = 1F26543F1D0BB0BE002A7052 /* Dish.swift */; };
		1F2654421D0BB1FE002A7052 /* BeerVC.swift in Sources */ = {isa = PBXBuildFile; fileRef = 1F2654411D0BB1FE002A7052 /* BeerVC.swift */; };
		1F2654441D0BB34F002A7052 /* BeerCell.swift in Sources */ = {isa = PBXBuildFile; fileRef = 1F2654431D0BB34F002A7052 /* BeerCell.swift */; };
		1F2654461D0BB3CB002A7052 /* BeerAPI.swift in Sources */ = {isa = PBXBuildFile; fileRef = 1F2654451D0BB3CB002A7052 /* BeerAPI.swift */; };
		1F2654481D0BB6DF002A7052 /* Utils.swift in Sources */ = {isa = PBXBuildFile; fileRef = 1F2654471D0BB6DF002A7052 /* Utils.swift */; };
		1F26544A1D0BB98A002A7052 /* Image.swift in Sources */ = {isa = PBXBuildFile; fileRef = 1F2654491D0BB98A002A7052 /* Image.swift */; };
		1F2EDF001D0BD530007189B4 /* FBSDKCoreKit.framework in Frameworks */ = {isa = PBXBuildFile; fileRef = 1F2EDEFF1D0BD530007189B4 /* FBSDKCoreKit.framework */; };
		1F2EDF021D0BD53C007189B4 /* FBSDKLoginKit.framework in Frameworks */ = {isa = PBXBuildFile; fileRef = 1F2EDF011D0BD53C007189B4 /* FBSDKLoginKit.framework */; };
		1F2EDF041D0BD543007189B4 /* FBSDKShareKit.framework in Frameworks */ = {isa = PBXBuildFile; fileRef = 1F2EDF031D0BD543007189B4 /* FBSDKShareKit.framework */; };
		1F2EDF091D0BE149007189B4 /* ProfileHeaderCell.swift in Sources */ = {isa = PBXBuildFile; fileRef = 1F2EDF081D0BE149007189B4 /* ProfileHeaderCell.swift */; };
		1F2EDF0B1D0BE6E8007189B4 /* Event.swift in Sources */ = {isa = PBXBuildFile; fileRef = 1F2EDF0A1D0BE6E8007189B4 /* Event.swift */; };
		1F2EDF0D1D0BE7B5007189B4 /* EventAPI.swift in Sources */ = {isa = PBXBuildFile; fileRef = 1F2EDF0C1D0BE7B5007189B4 /* EventAPI.swift */; };
		1F2EDF0F1D0BE85B007189B4 /* EventVC.swift in Sources */ = {isa = PBXBuildFile; fileRef = 1F2EDF0E1D0BE85B007189B4 /* EventVC.swift */; };
		1F2EDF111D0BE8D7007189B4 /* EventCell.swift in Sources */ = {isa = PBXBuildFile; fileRef = 1F2EDF101D0BE8D7007189B4 /* EventCell.swift */; };
		1F2EDF171D0BFF17007189B4 /* TabBarVC.swift in Sources */ = {isa = PBXBuildFile; fileRef = 1F2EDF161D0BFF17007189B4 /* TabBarVC.swift */; };
		1F2EDF191D0C0AB6007189B4 /* BeerDetailVC.swift in Sources */ = {isa = PBXBuildFile; fileRef = 1F2EDF181D0C0AB6007189B4 /* BeerDetailVC.swift */; };
		1F2EDF1B1D0C505C007189B4 /* LocateVC.swift in Sources */ = {isa = PBXBuildFile; fileRef = 1F2EDF1A1D0C505C007189B4 /* LocateVC.swift */; };
		1F2EDF1D1D0C5246007189B4 /* Location.swift in Sources */ = {isa = PBXBuildFile; fileRef = 1F2EDF1C1D0C5246007189B4 /* Location.swift */; };
		1F2EDF1F1D0C5299007189B4 /* Address.swift in Sources */ = {isa = PBXBuildFile; fileRef = 1F2EDF1E1D0C5299007189B4 /* Address.swift */; };
		1F2EDF211D0C56E8007189B4 /* LocateCell.swift in Sources */ = {isa = PBXBuildFile; fileRef = 1F2EDF201D0C56E8007189B4 /* LocateCell.swift */; };
		1F2EDF231D0C5CEB007189B4 /* MapVC.swift in Sources */ = {isa = PBXBuildFile; fileRef = 1F2EDF221D0C5CEB007189B4 /* MapVC.swift */; };
		1F696AB01D0CB3B000CF7AAC /* RateVC.swift in Sources */ = {isa = PBXBuildFile; fileRef = 1F696AAF1D0CB3B000CF7AAC /* RateVC.swift */; };
		6B3FD42F0768A6A0A08EFECF /* Pods_IPA.framework in Frameworks */ = {isa = PBXBuildFile; fileRef = 341EBC0E05A8DED1318AB100 /* Pods_IPA.framework */; };
		A1FF5404F7AA4380AF0EE9BE /* Pods_IPAUITests.framework in Frameworks */ = {isa = PBXBuildFile; fileRef = 7CBEC472B3DBA97513FA3545 /* Pods_IPAUITests.framework */; };
		ED041D80078253AAF553A7F9 /* Pods_IPATests.framework in Frameworks */ = {isa = PBXBuildFile; fileRef = 1FF7AB3E595FAA7EB70C3003 /* Pods_IPATests.framework */; };
/* End PBXBuildFile section */

/* Begin PBXContainerItemProxy section */
		1F26541F1D0BA063002A7052 /* PBXContainerItemProxy */ = {
			isa = PBXContainerItemProxy;
			containerPortal = 1F2653FF1D0BA063002A7052 /* Project object */;
			proxyType = 1;
			remoteGlobalIDString = 1F2654061D0BA063002A7052;
			remoteInfo = IPA;
		};
		1F26542A1D0BA063002A7052 /* PBXContainerItemProxy */ = {
			isa = PBXContainerItemProxy;
			containerPortal = 1F2653FF1D0BA063002A7052 /* Project object */;
			proxyType = 1;
			remoteGlobalIDString = 1F2654061D0BA063002A7052;
			remoteInfo = IPA;
		};
/* End PBXContainerItemProxy section */

/* Begin PBXFileReference section */
		1AC8468A546FB4610AB3073C /* Pods-IPATests.release.xcconfig */ = {isa = PBXFileReference; includeInIndex = 1; lastKnownFileType = text.xcconfig; name = "Pods-IPATests.release.xcconfig"; path = "Pods/Target Support Files/Pods-IPATests/Pods-IPATests.release.xcconfig"; sourceTree = "<group>"; };
		1F17FB4F1D0C6213006C9ED0 /* CustomMapAnnotation.swift */ = {isa = PBXFileReference; fileEncoding = 4; lastKnownFileType = sourcecode.swift; path = CustomMapAnnotation.swift; sourceTree = "<group>"; };
		1F17FB511D0C7DBD006C9ED0 /* ProfileVC.swift */ = {isa = PBXFileReference; fileEncoding = 4; lastKnownFileType = sourcecode.swift; path = ProfileVC.swift; sourceTree = "<group>"; };
		1F17FB531D0C8000006C9ED0 /* LoginVC.swift */ = {isa = PBXFileReference; fileEncoding = 4; lastKnownFileType = sourcecode.swift; path = LoginVC.swift; sourceTree = "<group>"; };
		1F17FB551D0C8529006C9ED0 /* ProfileHeaderVC.swift */ = {isa = PBXFileReference; fileEncoding = 4; lastKnownFileType = sourcecode.swift; path = ProfileHeaderVC.swift; sourceTree = "<group>"; };
		1F17FB571D0C8B94006C9ED0 /* ProfileFavCell.swift */ = {isa = PBXFileReference; fileEncoding = 4; lastKnownFileType = sourcecode.swift; path = ProfileFavCell.swift; sourceTree = "<group>"; };
		1F17FB591D0C8C16006C9ED0 /* ProfileRatingCell.swift */ = {isa = PBXFileReference; fileEncoding = 4; lastKnownFileType = sourcecode.swift; path = ProfileRatingCell.swift; sourceTree = "<group>"; };
		1F17FB5B1D0CA4E1006C9ED0 /* RealmModels.swift */ = {isa = PBXFileReference; fileEncoding = 4; lastKnownFileType = sourcecode.swift; path = RealmModels.swift; sourceTree = "<group>"; };
		1F17FB5D1D0CA6DB006C9ED0 /* Realm.framework */ = {isa = PBXFileReference; lastKnownFileType = wrapper.framework; name = Realm.framework; path = "../../../Library/Developer/Xcode/DerivedData/IPA-fgiprwkhzcagjmevyqmwksgyhwto/Build/Products/Debug-iphoneos/Realm.framework"; sourceTree = "<group>"; };
		1F17FB5E1D0CA6DB006C9ED0 /* RealmSwift.framework */ = {isa = PBXFileReference; lastKnownFileType = wrapper.framework; name = RealmSwift.framework; path = "../../../Library/Developer/Xcode/DerivedData/IPA-fgiprwkhzcagjmevyqmwksgyhwto/Build/Products/Debug-iphoneos/RealmSwift.framework"; sourceTree = "<group>"; };
		1F2654071D0BA063002A7052 /* IPA.app */ = {isa = PBXFileReference; explicitFileType = wrapper.application; includeInIndex = 0; path = IPA.app; sourceTree = BUILT_PRODUCTS_DIR; };
		1F26540A1D0BA063002A7052 /* AppDelegate.swift */ = {isa = PBXFileReference; lastKnownFileType = sourcecode.swift; path = AppDelegate.swift; sourceTree = "<group>"; };
		1F26540C1D0BA063002A7052 /* ViewController.swift */ = {isa = PBXFileReference; lastKnownFileType = sourcecode.swift; path = ViewController.swift; sourceTree = "<group>"; };
		1F26540F1D0BA063002A7052 /* Base */ = {isa = PBXFileReference; lastKnownFileType = file.storyboard; name = Base; path = Base.lproj/Main.storyboard; sourceTree = "<group>"; };
		1F2654121D0BA063002A7052 /* IPA.xcdatamodel */ = {isa = PBXFileReference; lastKnownFileType = wrapper.xcdatamodel; path = IPA.xcdatamodel; sourceTree = "<group>"; };
		1F2654141D0BA063002A7052 /* Assets.xcassets */ = {isa = PBXFileReference; lastKnownFileType = folder.assetcatalog; path = Assets.xcassets; sourceTree = "<group>"; };
		1F2654171D0BA063002A7052 /* Base */ = {isa = PBXFileReference; lastKnownFileType = file.storyboard; name = Base; path = Base.lproj/LaunchScreen.storyboard; sourceTree = "<group>"; };
		1F2654191D0BA063002A7052 /* Info.plist */ = {isa = PBXFileReference; lastKnownFileType = text.plist.xml; path = Info.plist; sourceTree = "<group>"; };
		1F26541E1D0BA063002A7052 /* IPATests.xctest */ = {isa = PBXFileReference; explicitFileType = wrapper.cfbundle; includeInIndex = 0; path = IPATests.xctest; sourceTree = BUILT_PRODUCTS_DIR; };
		1F2654221D0BA063002A7052 /* IPATests.swift */ = {isa = PBXFileReference; lastKnownFileType = sourcecode.swift; path = IPATests.swift; sourceTree = "<group>"; };
		1F2654241D0BA063002A7052 /* Info.plist */ = {isa = PBXFileReference; lastKnownFileType = text.plist.xml; path = Info.plist; sourceTree = "<group>"; };
		1F2654291D0BA063002A7052 /* IPAUITests.xctest */ = {isa = PBXFileReference; explicitFileType = wrapper.cfbundle; includeInIndex = 0; path = IPAUITests.xctest; sourceTree = BUILT_PRODUCTS_DIR; };
		1F26542D1D0BA063002A7052 /* IPAUITests.swift */ = {isa = PBXFileReference; lastKnownFileType = sourcecode.swift; path = IPAUITests.swift; sourceTree = "<group>"; };
		1F26542F1D0BA063002A7052 /* Info.plist */ = {isa = PBXFileReference; lastKnownFileType = text.plist.xml; path = Info.plist; sourceTree = "<group>"; };
		1F26543B1D0BADE9002A7052 /* Beer.swift */ = {isa = PBXFileReference; fileEncoding = 4; lastKnownFileType = sourcecode.swift; path = Beer.swift; sourceTree = "<group>"; };
		1F26543D1D0BAF2E002A7052 /* BeerDetail.swift */ = {isa = PBXFileReference; fileEncoding = 4; lastKnownFileType = sourcecode.swift; path = BeerDetail.swift; sourceTree = "<group>"; };
		1F26543F1D0BB0BE002A7052 /* Dish.swift */ = {isa = PBXFileReference; fileEncoding = 4; lastKnownFileType = sourcecode.swift; path = Dish.swift; sourceTree = "<group>"; };
		1F2654411D0BB1FE002A7052 /* BeerVC.swift */ = {isa = PBXFileReference; fileEncoding = 4; lastKnownFileType = sourcecode.swift; path = BeerVC.swift; sourceTree = "<group>"; };
		1F2654431D0BB34F002A7052 /* BeerCell.swift */ = {isa = PBXFileReference; fileEncoding = 4; lastKnownFileType = sourcecode.swift; path = BeerCell.swift; sourceTree = "<group>"; };
		1F2654451D0BB3CB002A7052 /* BeerAPI.swift */ = {isa = PBXFileReference; fileEncoding = 4; lastKnownFileType = sourcecode.swift; path = BeerAPI.swift; sourceTree = "<group>"; };
		1F2654471D0BB6DF002A7052 /* Utils.swift */ = {isa = PBXFileReference; fileEncoding = 4; lastKnownFileType = sourcecode.swift; path = Utils.swift; sourceTree = "<group>"; };
		1F2654491D0BB98A002A7052 /* Image.swift */ = {isa = PBXFileReference; fileEncoding = 4; lastKnownFileType = sourcecode.swift; path = Image.swift; sourceTree = "<group>"; };
		1F2690131D0BC9FB00E68D39 /* Realm.framework */ = {isa = PBXFileReference; lastKnownFileType = wrapper.framework; name = Realm.framework; path = "../../../Library/Developer/Xcode/DerivedData/IPA-fgiprwkhzcagjmevyqmwksgyhwto/Build/Products/Debug-iphonesimulator/Realm.framework"; sourceTree = "<group>"; };
		1F2690151D0BCA0000E68D39 /* RealmSwift.framework */ = {isa = PBXFileReference; lastKnownFileType = wrapper.framework; name = RealmSwift.framework; path = "../../../Library/Developer/Xcode/DerivedData/IPA-fgiprwkhzcagjmevyqmwksgyhwto/Build/Products/Debug-iphonesimulator/RealmSwift.framework"; sourceTree = "<group>"; };
		1F2EDEFF1D0BD530007189B4 /* FBSDKCoreKit.framework */ = {isa = PBXFileReference; lastKnownFileType = wrapper.framework; path = FBSDKCoreKit.framework; sourceTree = "<group>"; };
		1F2EDF011D0BD53C007189B4 /* FBSDKLoginKit.framework */ = {isa = PBXFileReference; lastKnownFileType = wrapper.framework; path = FBSDKLoginKit.framework; sourceTree = "<group>"; };
		1F2EDF031D0BD543007189B4 /* FBSDKShareKit.framework */ = {isa = PBXFileReference; lastKnownFileType = wrapper.framework; path = FBSDKShareKit.framework; sourceTree = "<group>"; };
		1F2EDF051D0BD610007189B4 /* BridgeHeader.h */ = {isa = PBXFileReference; lastKnownFileType = sourcecode.c.h; path = BridgeHeader.h; sourceTree = "<group>"; };
		1F2EDF081D0BE149007189B4 /* ProfileHeaderCell.swift */ = {isa = PBXFileReference; fileEncoding = 4; lastKnownFileType = sourcecode.swift; path = ProfileHeaderCell.swift; sourceTree = "<group>"; };
		1F2EDF0A1D0BE6E8007189B4 /* Event.swift */ = {isa = PBXFileReference; fileEncoding = 4; lastKnownFileType = sourcecode.swift; path = Event.swift; sourceTree = "<group>"; };
		1F2EDF0C1D0BE7B5007189B4 /* EventAPI.swift */ = {isa = PBXFileReference; fileEncoding = 4; lastKnownFileType = sourcecode.swift; path = EventAPI.swift; sourceTree = "<group>"; };
		1F2EDF0E1D0BE85B007189B4 /* EventVC.swift */ = {isa = PBXFileReference; fileEncoding = 4; lastKnownFileType = sourcecode.swift; path = EventVC.swift; sourceTree = "<group>"; };
		1F2EDF101D0BE8D7007189B4 /* EventCell.swift */ = {isa = PBXFileReference; fileEncoding = 4; lastKnownFileType = sourcecode.swift; path = EventCell.swift; sourceTree = "<group>"; };
		1F2EDF161D0BFF17007189B4 /* TabBarVC.swift */ = {isa = PBXFileReference; fileEncoding = 4; lastKnownFileType = sourcecode.swift; path = TabBarVC.swift; sourceTree = "<group>"; };
		1F2EDF181D0C0AB6007189B4 /* BeerDetailVC.swift */ = {isa = PBXFileReference; fileEncoding = 4; lastKnownFileType = sourcecode.swift; path = BeerDetailVC.swift; sourceTree = "<group>"; };
		1F2EDF1A1D0C505C007189B4 /* LocateVC.swift */ = {isa = PBXFileReference; fileEncoding = 4; lastKnownFileType = sourcecode.swift; path = LocateVC.swift; sourceTree = "<group>"; };
		1F2EDF1C1D0C5246007189B4 /* Location.swift */ = {isa = PBXFileReference; fileEncoding = 4; lastKnownFileType = sourcecode.swift; path = Location.swift; sourceTree = "<group>"; };
		1F2EDF1E1D0C5299007189B4 /* Address.swift */ = {isa = PBXFileReference; fileEncoding = 4; lastKnownFileType = sourcecode.swift; path = Address.swift; sourceTree = "<group>"; };
		1F2EDF201D0C56E8007189B4 /* LocateCell.swift */ = {isa = PBXFileReference; fileEncoding = 4; lastKnownFileType = sourcecode.swift; path = LocateCell.swift; sourceTree = "<group>"; };
		1F2EDF221D0C5CEB007189B4 /* MapVC.swift */ = {isa = PBXFileReference; fileEncoding = 4; lastKnownFileType = sourcecode.swift; path = MapVC.swift; sourceTree = "<group>"; };
		1F696AAF1D0CB3B000CF7AAC /* RateVC.swift */ = {isa = PBXFileReference; fileEncoding = 4; lastKnownFileType = sourcecode.swift; path = RateVC.swift; sourceTree = "<group>"; };
		1FF7AB3E595FAA7EB70C3003 /* Pods_IPATests.framework */ = {isa = PBXFileReference; explicitFileType = wrapper.framework; includeInIndex = 0; path = Pods_IPATests.framework; sourceTree = BUILT_PRODUCTS_DIR; };
		2B2609277A5C5079BC6DA903 /* Pods-IPAUITests.release.xcconfig */ = {isa = PBXFileReference; includeInIndex = 1; lastKnownFileType = text.xcconfig; name = "Pods-IPAUITests.release.xcconfig"; path = "Pods/Target Support Files/Pods-IPAUITests/Pods-IPAUITests.release.xcconfig"; sourceTree = "<group>"; };
		32563EDE5E0B8C64EBF9AF07 /* Pods-IPA.debug.xcconfig */ = {isa = PBXFileReference; includeInIndex = 1; lastKnownFileType = text.xcconfig; name = "Pods-IPA.debug.xcconfig"; path = "Pods/Target Support Files/Pods-IPA/Pods-IPA.debug.xcconfig"; sourceTree = "<group>"; };
		341EBC0E05A8DED1318AB100 /* Pods_IPA.framework */ = {isa = PBXFileReference; explicitFileType = wrapper.framework; includeInIndex = 0; path = Pods_IPA.framework; sourceTree = BUILT_PRODUCTS_DIR; };
		7CBEC472B3DBA97513FA3545 /* Pods_IPAUITests.framework */ = {isa = PBXFileReference; explicitFileType = wrapper.framework; includeInIndex = 0; path = Pods_IPAUITests.framework; sourceTree = BUILT_PRODUCTS_DIR; };
		B0BF88E5C451F069C5D6DEE2 /* Pods-IPA.release.xcconfig */ = {isa = PBXFileReference; includeInIndex = 1; lastKnownFileType = text.xcconfig; name = "Pods-IPA.release.xcconfig"; path = "Pods/Target Support Files/Pods-IPA/Pods-IPA.release.xcconfig"; sourceTree = "<group>"; };
		C5242F0B0B90FE34FAEE0671 /* Pods-IPAUITests.debug.xcconfig */ = {isa = PBXFileReference; includeInIndex = 1; lastKnownFileType = text.xcconfig; name = "Pods-IPAUITests.debug.xcconfig"; path = "Pods/Target Support Files/Pods-IPAUITests/Pods-IPAUITests.debug.xcconfig"; sourceTree = "<group>"; };
		F60ADE218EC84DA5F55DB0BB /* Pods-IPATests.debug.xcconfig */ = {isa = PBXFileReference; includeInIndex = 1; lastKnownFileType = text.xcconfig; name = "Pods-IPATests.debug.xcconfig"; path = "Pods/Target Support Files/Pods-IPATests/Pods-IPATests.debug.xcconfig"; sourceTree = "<group>"; };
/* End PBXFileReference section */

/* Begin PBXFrameworksBuildPhase section */
		1F2654041D0BA063002A7052 /* Frameworks */ = {
			isa = PBXFrameworksBuildPhase;
			buildActionMask = 2147483647;
			files = (
				1F17FB5F1D0CA6DB006C9ED0 /* Realm.framework in Frameworks */,
				1F17FB601D0CA6DB006C9ED0 /* RealmSwift.framework in Frameworks */,
				1F2EDF041D0BD543007189B4 /* FBSDKShareKit.framework in Frameworks */,
				1F2EDF001D0BD530007189B4 /* FBSDKCoreKit.framework in Frameworks */,
				1F2EDF021D0BD53C007189B4 /* FBSDKLoginKit.framework in Frameworks */,
				6B3FD42F0768A6A0A08EFECF /* Pods_IPA.framework in Frameworks */,
			);
			runOnlyForDeploymentPostprocessing = 0;
		};
		1F26541B1D0BA063002A7052 /* Frameworks */ = {
			isa = PBXFrameworksBuildPhase;
			buildActionMask = 2147483647;
			files = (
				ED041D80078253AAF553A7F9 /* Pods_IPATests.framework in Frameworks */,
			);
			runOnlyForDeploymentPostprocessing = 0;
		};
		1F2654261D0BA063002A7052 /* Frameworks */ = {
			isa = PBXFrameworksBuildPhase;
			buildActionMask = 2147483647;
			files = (
				A1FF5404F7AA4380AF0EE9BE /* Pods_IPAUITests.framework in Frameworks */,
			);
			runOnlyForDeploymentPostprocessing = 0;
		};
/* End PBXFrameworksBuildPhase section */

/* Begin PBXGroup section */
		1F2653FE1D0BA063002A7052 = {
			isa = PBXGroup;
			children = (
				1F2654091D0BA063002A7052 /* IPA */,
				1F2654211D0BA063002A7052 /* IPATests */,
				1F26542C1D0BA063002A7052 /* IPAUITests */,
				1F2654081D0BA063002A7052 /* Products */,
				4813EFE71C7D9713561125AB /* Frameworks */,
				9BE3F43F0EE0F0F947BEBE53 /* Pods */,
			);
			sourceTree = "<group>";
		};
		1F2654081D0BA063002A7052 /* Products */ = {
			isa = PBXGroup;
			children = (
				1F2654071D0BA063002A7052 /* IPA.app */,
				1F26541E1D0BA063002A7052 /* IPATests.xctest */,
				1F2654291D0BA063002A7052 /* IPAUITests.xctest */,
			);
			name = Products;
			sourceTree = "<group>";
		};
		1F2654091D0BA063002A7052 /* IPA */ = {
			isa = PBXGroup;
			children = (
				1F2EDF1E1D0C5299007189B4 /* Address.swift */,
				1F26540A1D0BA063002A7052 /* AppDelegate.swift */,
				1F2654141D0BA063002A7052 /* Assets.xcassets */,
				1F26543B1D0BADE9002A7052 /* Beer.swift */,
				1F2654451D0BB3CB002A7052 /* BeerAPI.swift */,
				1F2654431D0BB34F002A7052 /* BeerCell.swift */,
				1F26543D1D0BAF2E002A7052 /* BeerDetail.swift */,
				1F2EDF181D0C0AB6007189B4 /* BeerDetailVC.swift */,
				1F2654411D0BB1FE002A7052 /* BeerVC.swift */,
				1F2EDF051D0BD610007189B4 /* BridgeHeader.h */,
				1F17FB4F1D0C6213006C9ED0 /* CustomMapAnnotation.swift */,
				1F26543F1D0BB0BE002A7052 /* Dish.swift */,
				1F2EDF0A1D0BE6E8007189B4 /* Event.swift */,
				1F2EDF0C1D0BE7B5007189B4 /* EventAPI.swift */,
				1F2EDF101D0BE8D7007189B4 /* EventCell.swift */,
				1F2EDF0E1D0BE85B007189B4 /* EventVC.swift */,
				1F2654491D0BB98A002A7052 /* Image.swift */,
				1F2654191D0BA063002A7052 /* Info.plist */,
				1F2654111D0BA063002A7052 /* IPA.xcdatamodeld */,
				1F2654161D0BA063002A7052 /* LaunchScreen.storyboard */,
				1F2EDF201D0C56E8007189B4 /* LocateCell.swift */,
				1F2EDF1A1D0C505C007189B4 /* LocateVC.swift */,
				1F2EDF1C1D0C5246007189B4 /* Location.swift */,
				1F17FB531D0C8000006C9ED0 /* LoginVC.swift */,
				1F26540E1D0BA063002A7052 /* Main.storyboard */,
				1F2EDF221D0C5CEB007189B4 /* MapVC.swift */,
				1F17FB571D0C8B94006C9ED0 /* ProfileFavCell.swift */,
				1F2EDF081D0BE149007189B4 /* ProfileHeaderCell.swift */,
				1F17FB551D0C8529006C9ED0 /* ProfileHeaderVC.swift */,
				1F17FB591D0C8C16006C9ED0 /* ProfileRatingCell.swift */,
				1F17FB511D0C7DBD006C9ED0 /* ProfileVC.swift */,
				1F17FB5B1D0CA4E1006C9ED0 /* RealmModels.swift */,
				1F2EDF161D0BFF17007189B4 /* TabBarVC.swift */,
				1F2654471D0BB6DF002A7052 /* Utils.swift */,
				1F26540C1D0BA063002A7052 /* ViewController.swift */,
				1F696AAF1D0CB3B000CF7AAC /* RateVC.swift */,
			);
			path = IPA;
			sourceTree = "<group>";
		};
		1F2654211D0BA063002A7052 /* IPATests */ = {
			isa = PBXGroup;
			children = (
				1F2654221D0BA063002A7052 /* IPATests.swift */,
				1F2654241D0BA063002A7052 /* Info.plist */,
			);
			path = IPATests;
			sourceTree = "<group>";
		};
		1F26542C1D0BA063002A7052 /* IPAUITests */ = {
			isa = PBXGroup;
			children = (
				1F26542D1D0BA063002A7052 /* IPAUITests.swift */,
				1F26542F1D0BA063002A7052 /* Info.plist */,
			);
			path = IPAUITests;
			sourceTree = "<group>";
		};
		4813EFE71C7D9713561125AB /* Frameworks */ = {
			isa = PBXGroup;
			children = (
				1F17FB5D1D0CA6DB006C9ED0 /* Realm.framework */,
				1F17FB5E1D0CA6DB006C9ED0 /* RealmSwift.framework */,
				1F2EDEFF1D0BD530007189B4 /* FBSDKCoreKit.framework */,
				1F2690151D0BCA0000E68D39 /* RealmSwift.framework */,
				1F2EDF031D0BD543007189B4 /* FBSDKShareKit.framework */,
				1F2EDF011D0BD53C007189B4 /* FBSDKLoginKit.framework */,
				1F2690131D0BC9FB00E68D39 /* Realm.framework */,
				341EBC0E05A8DED1318AB100 /* Pods_IPA.framework */,
				1FF7AB3E595FAA7EB70C3003 /* Pods_IPATests.framework */,
				7CBEC472B3DBA97513FA3545 /* Pods_IPAUITests.framework */,
			);
			name = Frameworks;
			sourceTree = "<group>";
		};
		9BE3F43F0EE0F0F947BEBE53 /* Pods */ = {
			isa = PBXGroup;
			children = (
				32563EDE5E0B8C64EBF9AF07 /* Pods-IPA.debug.xcconfig */,
				B0BF88E5C451F069C5D6DEE2 /* Pods-IPA.release.xcconfig */,
				F60ADE218EC84DA5F55DB0BB /* Pods-IPATests.debug.xcconfig */,
				1AC8468A546FB4610AB3073C /* Pods-IPATests.release.xcconfig */,
				C5242F0B0B90FE34FAEE0671 /* Pods-IPAUITests.debug.xcconfig */,
				2B2609277A5C5079BC6DA903 /* Pods-IPAUITests.release.xcconfig */,
			);
			name = Pods;
			sourceTree = "<group>";
		};
/* End PBXGroup section */

/* Begin PBXNativeTarget section */
		1F2654061D0BA063002A7052 /* IPA */ = {
			isa = PBXNativeTarget;
			buildConfigurationList = 1F2654321D0BA063002A7052 /* Build configuration list for PBXNativeTarget "IPA" */;
			buildPhases = (
				CA33B501EACC8E2E8DC0A9AD /* [CP] Check Pods Manifest.lock */,
				1F2654031D0BA063002A7052 /* Sources */,
				1F2654041D0BA063002A7052 /* Frameworks */,
				1F2654051D0BA063002A7052 /* Resources */,
				789F9120D4E637EA4791DC31 /* [CP] Embed Pods Frameworks */,
				C845FD04CECF3472DF997511 /* [CP] Copy Pods Resources */,
			);
			buildRules = (
			);
			dependencies = (
			);
			name = IPA;
			productName = IPA;
			productReference = 1F2654071D0BA063002A7052 /* IPA.app */;
			productType = "com.apple.product-type.application";
		};
		1F26541D1D0BA063002A7052 /* IPATests */ = {
			isa = PBXNativeTarget;
			buildConfigurationList = 1F2654351D0BA063002A7052 /* Build configuration list for PBXNativeTarget "IPATests" */;
			buildPhases = (
				C8C92F8EBFF387331E62A916 /* [CP] Check Pods Manifest.lock */,
				1F26541A1D0BA063002A7052 /* Sources */,
				1F26541B1D0BA063002A7052 /* Frameworks */,
				1F26541C1D0BA063002A7052 /* Resources */,
				5ED3355DB2CCF722B4E4E34A /* [CP] Embed Pods Frameworks */,
				1A5A38EC6F5BA4D8887DFA0B /* [CP] Copy Pods Resources */,
			);
			buildRules = (
			);
			dependencies = (
				1F2654201D0BA063002A7052 /* PBXTargetDependency */,
			);
			name = IPATests;
			productName = IPATests;
			productReference = 1F26541E1D0BA063002A7052 /* IPATests.xctest */;
			productType = "com.apple.product-type.bundle.unit-test";
		};
		1F2654281D0BA063002A7052 /* IPAUITests */ = {
			isa = PBXNativeTarget;
			buildConfigurationList = 1F2654381D0BA063002A7052 /* Build configuration list for PBXNativeTarget "IPAUITests" */;
			buildPhases = (
				70B76176706C11AE485AFD74 /* [CP] Check Pods Manifest.lock */,
				1F2654251D0BA063002A7052 /* Sources */,
				1F2654261D0BA063002A7052 /* Frameworks */,
				1F2654271D0BA063002A7052 /* Resources */,
				92EFB82AAE2BA33257EAAB97 /* [CP] Copy Pods Resources */,
			);
			buildRules = (
			);
			dependencies = (
				1F26542B1D0BA063002A7052 /* PBXTargetDependency */,
			);
			name = IPAUITests;
			productName = IPAUITests;
			productReference = 1F2654291D0BA063002A7052 /* IPAUITests.xctest */;
			productType = "com.apple.product-type.bundle.ui-testing";
		};
/* End PBXNativeTarget section */

/* Begin PBXProject section */
		1F2653FF1D0BA063002A7052 /* Project object */ = {
			isa = PBXProject;
			attributes = {
				LastSwiftUpdateCheck = 0730;
				LastUpgradeCheck = 0730;
				ORGANIZATIONNAME = "Travis Werbelow";
				TargetAttributes = {
					1F2654061D0BA063002A7052 = {
						CreatedOnToolsVersion = 7.3.1;
					};
					1F26541D1D0BA063002A7052 = {
						CreatedOnToolsVersion = 7.3.1;
						TestTargetID = 1F2654061D0BA063002A7052;
					};
					1F2654281D0BA063002A7052 = {
						CreatedOnToolsVersion = 7.3.1;
						TestTargetID = 1F2654061D0BA063002A7052;
					};
				};
			};
			buildConfigurationList = 1F2654021D0BA063002A7052 /* Build configuration list for PBXProject "IPA" */;
			compatibilityVersion = "Xcode 3.2";
			developmentRegion = English;
			hasScannedForEncodings = 0;
			knownRegions = (
				en,
				Base,
			);
			mainGroup = 1F2653FE1D0BA063002A7052;
			productRefGroup = 1F2654081D0BA063002A7052 /* Products */;
			projectDirPath = "";
			projectRoot = "";
			targets = (
				1F2654061D0BA063002A7052 /* IPA */,
				1F26541D1D0BA063002A7052 /* IPATests */,
				1F2654281D0BA063002A7052 /* IPAUITests */,
			);
		};
/* End PBXProject section */

/* Begin PBXResourcesBuildPhase section */
		1F2654051D0BA063002A7052 /* Resources */ = {
			isa = PBXResourcesBuildPhase;
			buildActionMask = 2147483647;
			files = (
				1F2654181D0BA063002A7052 /* LaunchScreen.storyboard in Resources */,
				1F2654151D0BA063002A7052 /* Assets.xcassets in Resources */,
				1F2654101D0BA063002A7052 /* Main.storyboard in Resources */,
			);
			runOnlyForDeploymentPostprocessing = 0;
		};
		1F26541C1D0BA063002A7052 /* Resources */ = {
			isa = PBXResourcesBuildPhase;
			buildActionMask = 2147483647;
			files = (
			);
			runOnlyForDeploymentPostprocessing = 0;
		};
		1F2654271D0BA063002A7052 /* Resources */ = {
			isa = PBXResourcesBuildPhase;
			buildActionMask = 2147483647;
			files = (
			);
			runOnlyForDeploymentPostprocessing = 0;
		};
/* End PBXResourcesBuildPhase section */

/* Begin PBXShellScriptBuildPhase section */
		1A5A38EC6F5BA4D8887DFA0B /* [CP] Copy Pods Resources */ = {
			isa = PBXShellScriptBuildPhase;
			buildActionMask = 2147483647;
			files = (
			);
			inputPaths = (
			);
			name = "[CP] Copy Pods Resources";
			outputPaths = (
			);
			runOnlyForDeploymentPostprocessing = 0;
			shellPath = /bin/sh;
			shellScript = "\"${SRCROOT}/Pods/Target Support Files/Pods-IPATests/Pods-IPATests-resources.sh\"\n";
			showEnvVarsInLog = 0;
		};
		5ED3355DB2CCF722B4E4E34A /* [CP] Embed Pods Frameworks */ = {
			isa = PBXShellScriptBuildPhase;
			buildActionMask = 2147483647;
			files = (
			);
			inputPaths = (
			);
			name = "[CP] Embed Pods Frameworks";
			outputPaths = (
			);
			runOnlyForDeploymentPostprocessing = 0;
			shellPath = /bin/sh;
			shellScript = "\"${SRCROOT}/Pods/Target Support Files/Pods-IPATests/Pods-IPATests-frameworks.sh\"\n";
			showEnvVarsInLog = 0;
		};
		70B76176706C11AE485AFD74 /* [CP] Check Pods Manifest.lock */ = {
			isa = PBXShellScriptBuildPhase;
			buildActionMask = 2147483647;
			files = (
			);
			inputPaths = (
			);
			name = "[CP] Check Pods Manifest.lock";
			outputPaths = (
			);
			runOnlyForDeploymentPostprocessing = 0;
			shellPath = /bin/sh;
			shellScript = "diff \"${PODS_ROOT}/../Podfile.lock\" \"${PODS_ROOT}/Manifest.lock\" > /dev/null\nif [[ $? != 0 ]] ; then\n    cat << EOM\nerror: The sandbox is not in sync with the Podfile.lock. Run 'pod install' or update your CocoaPods installation.\nEOM\n    exit 1\nfi\n";
			showEnvVarsInLog = 0;
		};
		789F9120D4E637EA4791DC31 /* [CP] Embed Pods Frameworks */ = {
			isa = PBXShellScriptBuildPhase;
			buildActionMask = 2147483647;
			files = (
			);
			inputPaths = (
			);
			name = "[CP] Embed Pods Frameworks";
			outputPaths = (
			);
			runOnlyForDeploymentPostprocessing = 0;
			shellPath = /bin/sh;
			shellScript = "\"${SRCROOT}/Pods/Target Support Files/Pods-IPA/Pods-IPA-frameworks.sh\"\n";
			showEnvVarsInLog = 0;
		};
		92EFB82AAE2BA33257EAAB97 /* [CP] Copy Pods Resources */ = {
			isa = PBXShellScriptBuildPhase;
			buildActionMask = 2147483647;
			files = (
			);
			inputPaths = (
			);
			name = "[CP] Copy Pods Resources";
			outputPaths = (
			);
			runOnlyForDeploymentPostprocessing = 0;
			shellPath = /bin/sh;
			shellScript = "\"${SRCROOT}/Pods/Target Support Files/Pods-IPAUITests/Pods-IPAUITests-resources.sh\"\n";
			showEnvVarsInLog = 0;
		};
		C845FD04CECF3472DF997511 /* [CP] Copy Pods Resources */ = {
			isa = PBXShellScriptBuildPhase;
			buildActionMask = 2147483647;
			files = (
			);
			inputPaths = (
			);
			name = "[CP] Copy Pods Resources";
			outputPaths = (
			);
			runOnlyForDeploymentPostprocessing = 0;
			shellPath = /bin/sh;
			shellScript = "\"${SRCROOT}/Pods/Target Support Files/Pods-IPA/Pods-IPA-resources.sh\"\n";
			showEnvVarsInLog = 0;
		};
		C8C92F8EBFF387331E62A916 /* [CP] Check Pods Manifest.lock */ = {
			isa = PBXShellScriptBuildPhase;
			buildActionMask = 2147483647;
			files = (
			);
			inputPaths = (
			);
			name = "[CP] Check Pods Manifest.lock";
			outputPaths = (
			);
			runOnlyForDeploymentPostprocessing = 0;
			shellPath = /bin/sh;
			shellScript = "diff \"${PODS_ROOT}/../Podfile.lock\" \"${PODS_ROOT}/Manifest.lock\" > /dev/null\nif [[ $? != 0 ]] ; then\n    cat << EOM\nerror: The sandbox is not in sync with the Podfile.lock. Run 'pod install' or update your CocoaPods installation.\nEOM\n    exit 1\nfi\n";
			showEnvVarsInLog = 0;
		};
		CA33B501EACC8E2E8DC0A9AD /* [CP] Check Pods Manifest.lock */ = {
			isa = PBXShellScriptBuildPhase;
			buildActionMask = 2147483647;
			files = (
			);
			inputPaths = (
			);
			name = "[CP] Check Pods Manifest.lock";
			outputPaths = (
			);
			runOnlyForDeploymentPostprocessing = 0;
			shellPath = /bin/sh;
			shellScript = "diff \"${PODS_ROOT}/../Podfile.lock\" \"${PODS_ROOT}/Manifest.lock\" > /dev/null\nif [[ $? != 0 ]] ; then\n    cat << EOM\nerror: The sandbox is not in sync with the Podfile.lock. Run 'pod install' or update your CocoaPods installation.\nEOM\n    exit 1\nfi\n";
			showEnvVarsInLog = 0;
		};
/* End PBXShellScriptBuildPhase section */

/* Begin PBXSourcesBuildPhase section */
		1F2654031D0BA063002A7052 /* Sources */ = {
			isa = PBXSourcesBuildPhase;
			buildActionMask = 2147483647;
			files = (
				1F2EDF191D0C0AB6007189B4 /* BeerDetailVC.swift in Sources */,
				1F26543C1D0BADE9002A7052 /* Beer.swift in Sources */,
				1F2EDF0D1D0BE7B5007189B4 /* EventAPI.swift in Sources */,
				1F17FB501D0C6213006C9ED0 /* CustomMapAnnotation.swift in Sources */,
				1F2654131D0BA063002A7052 /* IPA.xcdatamodeld in Sources */,
				1F17FB581D0C8B94006C9ED0 /* ProfileFavCell.swift in Sources */,
				1F17FB561D0C8529006C9ED0 /* ProfileHeaderVC.swift in Sources */,
				1F17FB521D0C7DBD006C9ED0 /* ProfileVC.swift in Sources */,
				1F26540D1D0BA063002A7052 /* ViewController.swift in Sources */,
				1F17FB5C1D0CA4E1006C9ED0 /* RealmModels.swift in Sources */,
				1F696AB01D0CB3B000CF7AAC /* RateVC.swift in Sources */,
				1F2EDF171D0BFF17007189B4 /* TabBarVC.swift in Sources */,
				1F2654401D0BB0BE002A7052 /* Dish.swift in Sources */,
				1F26540B1D0BA063002A7052 /* AppDelegate.swift in Sources */,
				1F2EDF211D0C56E8007189B4 /* LocateCell.swift in Sources */,
				1F2654481D0BB6DF002A7052 /* Utils.swift in Sources */,
				1F2EDF091D0BE149007189B4 /* ProfileHeaderCell.swift in Sources */,
				1F26543E1D0BAF2E002A7052 /* BeerDetail.swift in Sources */,
				1F2654421D0BB1FE002A7052 /* BeerVC.swift in Sources */,
				1F2EDF231D0C5CEB007189B4 /* MapVC.swift in Sources */,
				1F2654441D0BB34F002A7052 /* BeerCell.swift in Sources */,
				1F2EDF1D1D0C5246007189B4 /* Location.swift in Sources */,
				1F26544A1D0BB98A002A7052 /* Image.swift in Sources */,
				1F2EDF1B1D0C505C007189B4 /* LocateVC.swift in Sources */,
				1F2EDF0F1D0BE85B007189B4 /* EventVC.swift in Sources */,
				1F2654461D0BB3CB002A7052 /* BeerAPI.swift in Sources */,
				1F17FB541D0C8000006C9ED0 /* LoginVC.swift in Sources */,
				1F2EDF0B1D0BE6E8007189B4 /* Event.swift in Sources */,
				1F2EDF1F1D0C5299007189B4 /* Address.swift in Sources */,
				1F17FB5A1D0C8C16006C9ED0 /* ProfileRatingCell.swift in Sources */,
				1F2EDF111D0BE8D7007189B4 /* EventCell.swift in Sources */,
			);
			runOnlyForDeploymentPostprocessing = 0;
		};
		1F26541A1D0BA063002A7052 /* Sources */ = {
			isa = PBXSourcesBuildPhase;
			buildActionMask = 2147483647;
			files = (
				1F2654231D0BA063002A7052 /* IPATests.swift in Sources */,
			);
			runOnlyForDeploymentPostprocessing = 0;
		};
		1F2654251D0BA063002A7052 /* Sources */ = {
			isa = PBXSourcesBuildPhase;
			buildActionMask = 2147483647;
			files = (
				1F26542E1D0BA063002A7052 /* IPAUITests.swift in Sources */,
			);
			runOnlyForDeploymentPostprocessing = 0;
		};
/* End PBXSourcesBuildPhase section */

/* Begin PBXTargetDependency section */
		1F2654201D0BA063002A7052 /* PBXTargetDependency */ = {
			isa = PBXTargetDependency;
			target = 1F2654061D0BA063002A7052 /* IPA */;
			targetProxy = 1F26541F1D0BA063002A7052 /* PBXContainerItemProxy */;
		};
		1F26542B1D0BA063002A7052 /* PBXTargetDependency */ = {
			isa = PBXTargetDependency;
			target = 1F2654061D0BA063002A7052 /* IPA */;
			targetProxy = 1F26542A1D0BA063002A7052 /* PBXContainerItemProxy */;
		};
/* End PBXTargetDependency section */

/* Begin PBXVariantGroup section */
		1F26540E1D0BA063002A7052 /* Main.storyboard */ = {
			isa = PBXVariantGroup;
			children = (
				1F26540F1D0BA063002A7052 /* Base */,
			);
			name = Main.storyboard;
			sourceTree = "<group>";
		};
		1F2654161D0BA063002A7052 /* LaunchScreen.storyboard */ = {
			isa = PBXVariantGroup;
			children = (
				1F2654171D0BA063002A7052 /* Base */,
			);
			name = LaunchScreen.storyboard;
			sourceTree = "<group>";
		};
/* End PBXVariantGroup section */

/* Begin XCBuildConfiguration section */
		1F2654301D0BA063002A7052 /* Debug */ = {
			isa = XCBuildConfiguration;
			buildSettings = {
				ALWAYS_SEARCH_USER_PATHS = NO;
				CLANG_ANALYZER_NONNULL = YES;
				CLANG_CXX_LANGUAGE_STANDARD = "gnu++0x";
				CLANG_CXX_LIBRARY = "libc++";
				CLANG_ENABLE_MODULES = YES;
				CLANG_ENABLE_OBJC_ARC = YES;
				CLANG_WARN_BOOL_CONVERSION = YES;
				CLANG_WARN_CONSTANT_CONVERSION = YES;
				CLANG_WARN_DIRECT_OBJC_ISA_USAGE = YES_ERROR;
				CLANG_WARN_EMPTY_BODY = YES;
				CLANG_WARN_ENUM_CONVERSION = YES;
				CLANG_WARN_INT_CONVERSION = YES;
				CLANG_WARN_OBJC_ROOT_CLASS = YES_ERROR;
				CLANG_WARN_UNREACHABLE_CODE = YES;
				CLANG_WARN__DUPLICATE_METHOD_MATCH = YES;
				"CODE_SIGN_IDENTITY[sdk=iphoneos*]" = "iPhone Developer";
				COPY_PHASE_STRIP = NO;
				DEBUG_INFORMATION_FORMAT = dwarf;
				ENABLE_STRICT_OBJC_MSGSEND = YES;
				ENABLE_TESTABILITY = YES;
				GCC_C_LANGUAGE_STANDARD = gnu99;
				GCC_DYNAMIC_NO_PIC = NO;
				GCC_NO_COMMON_BLOCKS = YES;
				GCC_OPTIMIZATION_LEVEL = 0;
				GCC_PREPROCESSOR_DEFINITIONS = (
					"DEBUG=1",
					"$(inherited)",
				);
				GCC_WARN_64_TO_32_BIT_CONVERSION = YES;
				GCC_WARN_ABOUT_RETURN_TYPE = YES_ERROR;
				GCC_WARN_UNDECLARED_SELECTOR = YES;
				GCC_WARN_UNINITIALIZED_AUTOS = YES_AGGRESSIVE;
				GCC_WARN_UNUSED_FUNCTION = YES;
				GCC_WARN_UNUSED_VARIABLE = YES;
				IPHONEOS_DEPLOYMENT_TARGET = 9.3;
				MTL_ENABLE_DEBUG_INFO = YES;
				ONLY_ACTIVE_ARCH = YES;
				SDKROOT = iphoneos;
				SWIFT_OPTIMIZATION_LEVEL = "-Onone";
			};
			name = Debug;
		};
		1F2654311D0BA063002A7052 /* Release */ = {
			isa = XCBuildConfiguration;
			buildSettings = {
				ALWAYS_SEARCH_USER_PATHS = NO;
				CLANG_ANALYZER_NONNULL = YES;
				CLANG_CXX_LANGUAGE_STANDARD = "gnu++0x";
				CLANG_CXX_LIBRARY = "libc++";
				CLANG_ENABLE_MODULES = YES;
				CLANG_ENABLE_OBJC_ARC = YES;
				CLANG_WARN_BOOL_CONVERSION = YES;
				CLANG_WARN_CONSTANT_CONVERSION = YES;
				CLANG_WARN_DIRECT_OBJC_ISA_USAGE = YES_ERROR;
				CLANG_WARN_EMPTY_BODY = YES;
				CLANG_WARN_ENUM_CONVERSION = YES;
				CLANG_WARN_INT_CONVERSION = YES;
				CLANG_WARN_OBJC_ROOT_CLASS = YES_ERROR;
				CLANG_WARN_UNREACHABLE_CODE = YES;
				CLANG_WARN__DUPLICATE_METHOD_MATCH = YES;
				"CODE_SIGN_IDENTITY[sdk=iphoneos*]" = "iPhone Developer";
				COPY_PHASE_STRIP = NO;
				DEBUG_INFORMATION_FORMAT = "dwarf-with-dsym";
				ENABLE_NS_ASSERTIONS = NO;
				ENABLE_STRICT_OBJC_MSGSEND = YES;
				GCC_C_LANGUAGE_STANDARD = gnu99;
				GCC_NO_COMMON_BLOCKS = YES;
				GCC_WARN_64_TO_32_BIT_CONVERSION = YES;
				GCC_WARN_ABOUT_RETURN_TYPE = YES_ERROR;
				GCC_WARN_UNDECLARED_SELECTOR = YES;
				GCC_WARN_UNINITIALIZED_AUTOS = YES_AGGRESSIVE;
				GCC_WARN_UNUSED_FUNCTION = YES;
				GCC_WARN_UNUSED_VARIABLE = YES;
				IPHONEOS_DEPLOYMENT_TARGET = 9.3;
				MTL_ENABLE_DEBUG_INFO = NO;
				SDKROOT = iphoneos;
				VALIDATE_PRODUCT = YES;
			};
			name = Release;
		};
		1F2654331D0BA063002A7052 /* Debug */ = {
			isa = XCBuildConfiguration;
			baseConfigurationReference = 32563EDE5E0B8C64EBF9AF07 /* Pods-IPA.debug.xcconfig */;
			buildSettings = {
				ASSETCATALOG_COMPILER_APPICON_NAME = AppIcon;
				FRAMEWORK_SEARCH_PATHS = (
					"$(inherited)",
					"$(PROJECT_DIR)",
				);
				INFOPLIST_FILE = IPA/Info.plist;
				LD_RUNPATH_SEARCH_PATHS = "$(inherited) @executable_path/Frameworks";
				PRODUCT_BUNDLE_IDENTIFIER = com.traviswerbelow.IPA;
				PRODUCT_NAME = "$(TARGET_NAME)";
				SWIFT_OBJC_BRIDGING_HEADER = IPA/BridgeHeader.h;
			};
			name = Debug;
		};
		1F2654341D0BA063002A7052 /* Release */ = {
			isa = XCBuildConfiguration;
			baseConfigurationReference = B0BF88E5C451F069C5D6DEE2 /* Pods-IPA.release.xcconfig */;
			buildSettings = {
				ASSETCATALOG_COMPILER_APPICON_NAME = AppIcon;
				FRAMEWORK_SEARCH_PATHS = (
					"$(inherited)",
					"$(PROJECT_DIR)",
				);
				INFOPLIST_FILE = IPA/Info.plist;
				LD_RUNPATH_SEARCH_PATHS = "$(inherited) @executable_path/Frameworks";
				PRODUCT_BUNDLE_IDENTIFIER = com.traviswerbelow.IPA;
				PRODUCT_NAME = "$(TARGET_NAME)";
				SWIFT_OBJC_BRIDGING_HEADER = IPA/BridgeHeader.h;
			};
			name = Release;
		};
		1F2654361D0BA063002A7052 /* Debug */ = {
			isa = XCBuildConfiguration;
			baseConfigurationReference = F60ADE218EC84DA5F55DB0BB /* Pods-IPATests.debug.xcconfig */;
			buildSettings = {
				BUNDLE_LOADER = "$(TEST_HOST)";
				INFOPLIST_FILE = IPATests/Info.plist;
				LD_RUNPATH_SEARCH_PATHS = "$(inherited) @executable_path/Frameworks @loader_path/Frameworks";
				PRODUCT_BUNDLE_IDENTIFIER = com.traviswerbelow.IPATests;
				PRODUCT_NAME = "$(TARGET_NAME)";
				TEST_HOST = "$(BUILT_PRODUCTS_DIR)/IPA.app/IPA";
			};
			name = Debug;
		};
		1F2654371D0BA063002A7052 /* Release */ = {
			isa = XCBuildConfiguration;
			baseConfigurationReference = 1AC8468A546FB4610AB3073C /* Pods-IPATests.release.xcconfig */;
			buildSettings = {
				BUNDLE_LOADER = "$(TEST_HOST)";
				INFOPLIST_FILE = IPATests/Info.plist;
				LD_RUNPATH_SEARCH_PATHS = "$(inherited) @executable_path/Frameworks @loader_path/Frameworks";
				PRODUCT_BUNDLE_IDENTIFIER = com.traviswerbelow.IPATests;
				PRODUCT_NAME = "$(TARGET_NAME)";
				TEST_HOST = "$(BUILT_PRODUCTS_DIR)/IPA.app/IPA";
			};
			name = Release;
		};
		1F2654391D0BA063002A7052 /* Debug */ = {
			isa = XCBuildConfiguration;
			baseConfigurationReference = C5242F0B0B90FE34FAEE0671 /* Pods-IPAUITests.debug.xcconfig */;
			buildSettings = {
				INFOPLIST_FILE = IPAUITests/Info.plist;
				LD_RUNPATH_SEARCH_PATHS = "$(inherited) @executable_path/Frameworks @loader_path/Frameworks";
				PRODUCT_BUNDLE_IDENTIFIER = com.traviswerbelow.IPAUITests;
				PRODUCT_NAME = "$(TARGET_NAME)";
				TEST_TARGET_NAME = IPA;
			};
			name = Debug;
		};
		1F26543A1D0BA063002A7052 /* Release */ = {
			isa = XCBuildConfiguration;
			baseConfigurationReference = 2B2609277A5C5079BC6DA903 /* Pods-IPAUITests.release.xcconfig */;
			buildSettings = {
				INFOPLIST_FILE = IPAUITests/Info.plist;
				LD_RUNPATH_SEARCH_PATHS = "$(inherited) @executable_path/Frameworks @loader_path/Frameworks";
				PRODUCT_BUNDLE_IDENTIFIER = com.traviswerbelow.IPAUITests;
				PRODUCT_NAME = "$(TARGET_NAME)";
				TEST_TARGET_NAME = IPA;
			};
			name = Release;
		};
/* End XCBuildConfiguration section */

/* Begin XCConfigurationList section */
		1F2654021D0BA063002A7052 /* Build configuration list for PBXProject "IPA" */ = {
			isa = XCConfigurationList;
			buildConfigurations = (
				1F2654301D0BA063002A7052 /* Debug */,
				1F2654311D0BA063002A7052 /* Release */,
			);
			defaultConfigurationIsVisible = 0;
			defaultConfigurationName = Release;
		};
		1F2654321D0BA063002A7052 /* Build configuration list for PBXNativeTarget "IPA" */ = {
			isa = XCConfigurationList;
			buildConfigurations = (
				1F2654331D0BA063002A7052 /* Debug */,
				1F2654341D0BA063002A7052 /* Release */,
			);
			defaultConfigurationIsVisible = 0;
			defaultConfigurationName = Release;
		};
		1F2654351D0BA063002A7052 /* Build configuration list for PBXNativeTarget "IPATests" */ = {
			isa = XCConfigurationList;
			buildConfigurations = (
				1F2654361D0BA063002A7052 /* Debug */,
				1F2654371D0BA063002A7052 /* Release */,
			);
			defaultConfigurationIsVisible = 0;
			defaultConfigurationName = Release;
		};
		1F2654381D0BA063002A7052 /* Build configuration list for PBXNativeTarget "IPAUITests" */ = {
			isa = XCConfigurationList;
			buildConfigurations = (
				1F2654391D0BA063002A7052 /* Debug */,
				1F26543A1D0BA063002A7052 /* Release */,
			);
			defaultConfigurationIsVisible = 0;
			defaultConfigurationName = Release;
		};
/* End XCConfigurationList section */

/* Begin XCVersionGroup section */
		1F2654111D0BA063002A7052 /* IPA.xcdatamodeld */ = {
			isa = XCVersionGroup;
			children = (
				1F2654121D0BA063002A7052 /* IPA.xcdatamodel */,
			);
			currentVersion = 1F2654121D0BA063002A7052 /* IPA.xcdatamodel */;
			path = IPA.xcdatamodeld;
			sourceTree = "<group>";
			versionGroupType = wrapper.xcdatamodel;
		};
/* End XCVersionGroup section */
	};
	rootObject = 1F2653FF1D0BA063002A7052 /* Project object */;
}
